
Microsoft Visual Studio Solution File, Format Version 12.00
# Visual Studio 15
Project("{FAE04EC0-301F-11D3-BF4B-00C04F79EFBC}") = "Assembly-CSharp", "Assembly-CSharp.csproj", "{A5ECFE4F-65B3-E1EA-EF6E-E89F46EB0D7B}"
EndProject
Project("{FAE04EC0-301F-11D3-BF4B-00C04F79EFBC}") = "Assembly-CSharp-Editor-firstpass", "Assembly-CSharp-Editor-firstpass.csproj", "{7AB4419D-21FD-6F72-E5FC-C80660990D01}"
EndProject
Global
	GlobalSection(SolutionConfigurationPlatforms) = preSolution
		Debug|Any CPU = Debug|Any CPU
		Release|Any CPU = Release|Any CPU
	EndGlobalSection
	GlobalSection(ProjectConfigurationPlatforms) = postSolution
		{A5ECFE4F-65B3-E1EA-EF6E-E89F46EB0D7B}.Debug|Any CPU.ActiveCfg = Debug|Any CPU
		{A5ECFE4F-65B3-E1EA-EF6E-E89F46EB0D7B}.Debug|Any CPU.Build.0 = Debug|Any CPU
		{A5ECFE4F-65B3-E1EA-EF6E-E89F46EB0D7B}.Release|Any CPU.ActiveCfg = Release|Any CPU
		{A5ECFE4F-65B3-E1EA-EF6E-E89F46EB0D7B}.Release|Any CPU.Build.0 = Release|Any CPU
		{7AB4419D-21FD-6F72-E5FC-C80660990D01}.Debug|Any CPU.ActiveCfg = Debug|Any CPU
		{7AB4419D-21FD-6F72-E5FC-C80660990D01}.Debug|Any CPU.Build.0 = Debug|Any CPU
		{7AB4419D-21FD-6F72-E5FC-C80660990D01}.Release|Any CPU.ActiveCfg = Release|Any CPU
		{7AB4419D-21FD-6F72-E5FC-C80660990D01}.Release|Any CPU.Build.0 = Release|Any CPU
	EndGlobalSection
	GlobalSection(SolutionProperties) = preSolution
		HideSolutionNode = FALSE
	EndGlobalSection
EndGlobal
